
Microsoft Visual Studio Solution File, Format Version 12.00
# Visual Studio Version 16
VisualStudioVersion = 16.0.30907.101
MinimumVisualStudioVersion = 10.0.40219.1
Project("{00D1A9C2-B5F0-4AF3-8072-F6C62B433612}") = "Fubuki", "Fubuki\Fubuki.sqlproj", "{75683C4E-6CCD-4B90-B90B-46972D57A8DE}"
EndProject
Global
	GlobalSection(SolutionConfigurationPlatforms) = preSolution
		Debug|Any CPU = Debug|Any CPU
		Release|Any CPU = Release|Any CPU
	EndGlobalSection
	GlobalSection(ProjectConfigurationPlatforms) = postSolution
		{75683C4E-6CCD-4B90-B90B-46972D57A8DE}.Debug|Any CPU.ActiveCfg = Debug|Any CPU
		{75683C4E-6CCD-4B90-B90B-46972D57A8DE}.Debug|Any CPU.Build.0 = Debug|Any CPU
		{75683C4E-6CCD-4B90-B90B-46972D57A8DE}.Debug|Any CPU.Deploy.0 = Debug|Any CPU
		{75683C4E-6CCD-4B90-B90B-46972D57A8DE}.Release|Any CPU.ActiveCfg = Release|Any CPU
		{75683C4E-6CCD-4B90-B90B-46972D57A8DE}.Release|Any CPU.Build.0 = Release|Any CPU
		{75683C4E-6CCD-4B90-B90B-46972D57A8DE}.Release|Any CPU.Deploy.0 = Release|Any CPU
	EndGlobalSection
	GlobalSection(SolutionProperties) = preSolution
		HideSolutionNode = FALSE
	EndGlobalSection
	GlobalSection(ExtensibilityGlobals) = postSolution
		SolutionGuid = {452BFD06-7059-4270-89D7-8F3878D29ED0}
	EndGlobalSection
EndGlobal
